# THIS IS AN AUTOGENERATED FILE. DO NOT EDIT THIS FILE DIRECTLY.
# yarn lockfile v1


get-stdin@^5.0.1:
  version "5.0.1"
  resolved "https://registry.yarnpkg.com/get-stdin/-/get-stdin-5.0.1.tgz#122e161591e21ff4c52530305693f20e6393a398"
  integrity sha512-jZV7n6jGE3Gt7fgSTJoz91Ak5MuTLwMwkoYdjxuJ/AmjIsE1UC03y/IWkZCQGEvVNS9qoRNwy5BCqxImv0FVeA==

handlebars@^4.7.7:
  version "4.7.7"
  resolved "https://registry.yarnpkg.com/handlebars/-/handlebars-4.7.7.tgz#9ce33416aad02dbd6c8fafa8240d5d98004945a1"
  integrity sha512-aAcXm5OAfE/8IXkcZvCepKU3VzW1/39Fb5ZuqMtgI/hT8X2YgoMvBY5dLhq/cpOvw7Lk1nK/UF71aLG/ZnVYRA==
  dependencies:
    minimist "^1.2.5"
    neo-async "^2.6.0"
    source-map "^0.6.1"
    wordwrap "^1.0.0"
  optionalDependencies:
    uglify-js "^3.1.4"

indento@^1.1.13:
  version "1.1.13"
  resolved "https://registry.yarnpkg.com/indento/-/indento-1.1.13.tgz#751331b327c04740eeb7be40c5606e6e255c9e36"
  integrity sha512-YZWk3mreBEM7sBPddsiQnW9Z8SGg/gNpFfscJq00HCDS7pxcQWWWMSVKJU7YkTRyDu1Zv2s8zaK8gQWKmCXHlg==

json2md@^2.0.0:
  version "2.0.0"
  resolved "https://registry.yarnpkg.com/json2md/-/json2md-2.0.0.tgz#9ea4404183b836c39dfa886b4bbf25c8186694eb"
  integrity sha512-4PIMtD0zTfQZWcUId1EyHY2BQ2EG/imHWHkGFbXYPlczW8G6wPJA/BRVN3e5v6NPwFUCcoFvUsCeo6rzV2CWww==
  dependencies:
    indento "^1.1.13"

lower-case@^2.0.2:
  version "2.0.2"
  resolved "https://registry.yarnpkg.com/lower-case/-/lower-case-2.0.2.tgz#6fa237c63dbdc4a82ca0fd882e4722dc5e634e28"
  integrity sha512-7fm3l3NAF9WfN6W3JOmf5drwpVqX78JtoGJ3A6W0a6ZnldM41w2fV5D490psKFTpMds8TJse/eHLFFsNHHjHgg==
  dependencies:
    tslib "^2.0.3"

minimist@^1.2.0, minimist@^1.2.5:
  version "1.2.6"
  resolved "https://registry.yarnpkg.com/minimist/-/minimist-1.2.6.tgz#8637a5b759ea0d6e98702cfb3a9283323c93af44"
  integrity sha512-Jsjnk4bw3YJqYzbdyBiNsPWHPfO++UGG749Cxs6peCu5Xg4nrena6OVxOYxrQTqww0Jmwt+Ref8rggumkTLz9Q==

neo-async@^2.6.0:
  version "2.6.2"
  resolved "https://registry.yarnpkg.com/neo-async/-/neo-async-2.6.2.tgz#b4aafb93e3aeb2d8174ca53cf163ab7d7308305f"
  integrity sha512-Yd3UES5mWCSqR+qNT93S3UoYUkqAZ9lLg8a7g9rimsWmYGK8cVToA4/sF3RrshdyV3sAGMXVUmpMYOw+dLpOuw==

no-case@^3.0.4:
  version "3.0.4"
  resolved "https://registry.yarnpkg.com/no-case/-/no-case-3.0.4.tgz#d361fd5c9800f558551a8369fc0dcd4662b6124d"
  integrity sha512-fgAN3jGAh+RoxUGZHTSOLJIqUc2wmoBwGR4tbpNAKmmovFoWq0OdRkb0VkldReO2a2iBT/OEulG9XSUc10r3zg==
  dependencies:
    lower-case "^2.0.2"
    tslib "^2.0.3"

sentence-case@^3.0.4:
  version "3.0.4"
  resolved "https://registry.yarnpkg.com/sentence-case/-/sentence-case-3.0.4.tgz#3645a7b8c117c787fde8702056225bb62a45131f"
  integrity sha512-8LS0JInaQMCRoQ7YUytAo/xUu5W2XnQxV2HI/6uM6U7CITS1RqPElr30V6uIqyMKM9lJGRVFy5/4CuzcixNYSg==
  dependencies:
    no-case "^3.0.4"
    tslib "^2.0.3"
    upper-case-first "^2.0.2"

source-map@^0.6.1:
  version "0.6.1"
  resolved "https://registry.yarnpkg.com/source-map/-/source-map-0.6.1.tgz#74722af32e9614e9c287a8d0bbde48b5e2f1a263"
  integrity sha512-UjgapumWlbMhkBgzT7Ykc5YXUT46F0iKu8SGXq0bcwP5dz/h0Plj6enJqjz1Zbq2l5WaqYnrVbwWOWMyF3F47g==

split-text-to-chunks@^1.0.0:
  version "1.0.0"
  resolved "https://registry.yarnpkg.com/split-text-to-chunks/-/split-text-to-chunks-1.0.0.tgz#9b9bd2b8530e18b09697b1b8ca4485d31608eeb7"
  integrity sha512-HLtEwXK/T4l7QZSJ/kOSsZC0o5e2Xg3GzKKFxm0ZexJXw0Bo4CaEl39l7MCSRHk9EOOL5jT8JIDjmhTtcoe6lQ==
  dependencies:
    get-stdin "^5.0.1"
    minimist "^1.2.0"

tablemark@^3.0.0:
  version "3.0.0"
  resolved "https://registry.yarnpkg.com/tablemark/-/tablemark-3.0.0.tgz#65708e4d8fb08a826b0e7e60fcab9b77f3a964d8"
  integrity sha512-7N05gRK7t6B4g8AtedUsKoKtPjplmUjOPr/V4kVB+7U3yGiB3WvKqMTTQzVCZyhfZUXgQFp9YyN9ZgC52uCPKw==
  dependencies:
    sentence-case "^3.0.4"
    split-text-to-chunks "^1.0.0"

tslib@^2.0.3:
  version "2.4.0"
  resolved "https://registry.yarnpkg.com/tslib/-/tslib-2.4.0.tgz#7cecaa7f073ce680a05847aa77be941098f36dc3"
  integrity sha512-d6xOpEDfsi2CZVlPQzGeux8XMwLT9hssAsaPYExaQMuYskwb+x1x7J371tWlbBdWHroy99KnVB6qIkUbs5X3UQ==

uglify-js@^3.1.4:
  version "3.17.1"
  resolved "https://registry.yarnpkg.com/uglify-js/-/uglify-js-3.17.1.tgz#1258a2a488147a8266b3034499ce6959978ba7f4"
  integrity sha512-+juFBsLLw7AqMaqJ0GFvlsGZwdQfI2ooKQB39PSBgMnMakcFosi9O8jCwE+2/2nMNcc0z63r9mwjoDG8zr+q0Q==

upper-case-first@^2.0.2:
  version "2.0.2"
  resolved "https://registry.yarnpkg.com/upper-case-first/-/upper-case-first-2.0.2.tgz#992c3273f882abd19d1e02894cc147117f844324"
  integrity sha512-514ppYHBaKwfJRK/pNC6c/OxfGa0obSnAl106u97Ed0I625Nin96KAjttZF6ZL3e1XLtphxnqrOi9iWgm+u+bg==
  dependencies:
    tslib "^2.0.3"

wordwrap@^1.0.0:
  version "1.0.0"
  resolved "https://registry.yarnpkg.com/wordwrap/-/wordwrap-1.0.0.tgz#27584810891456a4171c8d0226441ade90cbcaeb"
  integrity sha512-gvVzJFlPycKc5dZN4yPkP8w7Dc37BtP1yczEneOb4uq34pXZcvrtRTmWV8W+Ume+XCxKgbjM+nevkyFPMybd4Q==
